
Microsoft Visual Studio Solution File, Format Version 12.00
# Visual Studio Version 16
VisualStudioVersion = 16.0.31613.86
MinimumVisualStudioVersion = 10.0.40219.1
Project("{FAE04EC0-301F-11D3-BF4B-00C04F79EFBC}") = "Calculadora", "Calculadora.csproj", "{B9652BC7-2D3B-4FF6-9A36-2AB65A71329A}"
EndProject
Global
	GlobalSection(SolutionConfigurationPlatforms) = preSolution
		Debug|Any CPU = Debug|Any CPU
		Release|Any CPU = Release|Any CPU
	EndGlobalSection
	GlobalSection(ProjectConfigurationPlatforms) = postSolution
		{B9652BC7-2D3B-4FF6-9A36-2AB65A71329A}.Debug|Any CPU.ActiveCfg = Debug|Any CPU
		{B9652BC7-2D3B-4FF6-9A36-2AB65A71329A}.Debug|Any CPU.Build.0 = Debug|Any CPU
		{B9652BC7-2D3B-4FF6-9A36-2AB65A71329A}.Release|Any CPU.ActiveCfg = Release|Any CPU
		{B9652BC7-2D3B-4FF6-9A36-2AB65A71329A}.Release|Any CPU.Build.0 = Release|Any CPU
	EndGlobalSection
	GlobalSection(SolutionProperties) = preSolution
		HideSolutionNode = FALSE
	EndGlobalSection
	GlobalSection(ExtensibilityGlobals) = postSolution
		SolutionGuid = {272C986C-4298-48FC-BAC4-3931C87FACB2}
	EndGlobalSection
EndGlobal
