
Microsoft Visual Studio Solution File, Format Version 12.00
# Visual Studio Version 16
VisualStudioVersion = 16.0.31613.86
MinimumVisualStudioVersion = 10.0.40219.1
Project("{FAE04EC0-301F-11D3-BF4B-00C04F79EFBC}") = "Carrito de Compras", "Carrito de Compras.csproj", "{3FD7375E-2DF0-47BA-A8F8-7396FA8673D7}"
EndProject
Global
	GlobalSection(SolutionConfigurationPlatforms) = preSolution
		Debug|Any CPU = Debug|Any CPU
		Release|Any CPU = Release|Any CPU
	EndGlobalSection
	GlobalSection(ProjectConfigurationPlatforms) = postSolution
		{3FD7375E-2DF0-47BA-A8F8-7396FA8673D7}.Debug|Any CPU.ActiveCfg = Debug|Any CPU
		{3FD7375E-2DF0-47BA-A8F8-7396FA8673D7}.Debug|Any CPU.Build.0 = Debug|Any CPU
		{3FD7375E-2DF0-47BA-A8F8-7396FA8673D7}.Release|Any CPU.ActiveCfg = Release|Any CPU
		{3FD7375E-2DF0-47BA-A8F8-7396FA8673D7}.Release|Any CPU.Build.0 = Release|Any CPU
	EndGlobalSection
	GlobalSection(SolutionProperties) = preSolution
		HideSolutionNode = FALSE
	EndGlobalSection
	GlobalSection(ExtensibilityGlobals) = postSolution
		SolutionGuid = {D0FA1A18-B754-4FE7-B9F1-1EBE9227C256}
	EndGlobalSection
EndGlobal
